// !$*UTF8*$!
{
	archiveVersion = 1;
	classes = {
	};
	objectVersion = 52;
	objects = {

/* Begin PBXBuildFile section */
		11E54ECD26B07FD20002A7A5 /* AppDelegate.swift in Sources */ = {isa = PBXBuildFile; fileRef = 11E54ECC26B07FD20002A7A5 /* AppDelegate.swift */; };
		11E54ECF26B07FD20002A7A5 /* SceneDelegate.swift in Sources */ = {isa = PBXBuildFile; fileRef = 11E54ECE26B07FD20002A7A5 /* SceneDelegate.swift */; };
		11E54ED426B07FD20002A7A5 /* Auth.storyboard in Resources */ = {isa = PBXBuildFile; fileRef = 11E54ED226B07FD20002A7A5 /* Auth.storyboard */; };
		11E54ED626B07FD50002A7A5 /* Assets.xcassets in Resources */ = {isa = PBXBuildFile; fileRef = 11E54ED526B07FD50002A7A5 /* Assets.xcassets */; };
		11E54ED926B07FD50002A7A5 /* LaunchScreen.storyboard in Resources */ = {isa = PBXBuildFile; fileRef = 11E54ED726B07FD50002A7A5 /* LaunchScreen.storyboard */; };
		11E54EE326B0836D0002A7A5 /* LoginViewController.swift in Sources */ = {isa = PBXBuildFile; fileRef = 11E54EE226B0836D0002A7A5 /* LoginViewController.swift */; };
		11E54EEB26B447210002A7A5 /* RegisterViewController.swift in Sources */ = {isa = PBXBuildFile; fileRef = 11E54EEA26B447210002A7A5 /* RegisterViewController.swift */; };
		11E54EEF26B44B350002A7A5 /* BaseViewController.swift in Sources */ = {isa = PBXBuildFile; fileRef = 11E54EEE26B44B350002A7A5 /* BaseViewController.swift */; };
		11E54EF426B567640002A7A5 /* ImageCollectionViewCell.swift in Sources */ = {isa = PBXBuildFile; fileRef = 11E54EF226B567640002A7A5 /* ImageCollectionViewCell.swift */; };
		11E54EF526B567640002A7A5 /* ImageCollectionViewCell.xib in Resources */ = {isa = PBXBuildFile; fileRef = 11E54EF326B567640002A7A5 /* ImageCollectionViewCell.xib */; };
		11E54EF726B5D5050002A7A5 /* ImagesViewController.swift in Sources */ = {isa = PBXBuildFile; fileRef = 11E54EF626B5D5050002A7A5 /* ImagesViewController.swift */; };
		11F5E07F26BC5B2D008D9170 /* Alamofire in Frameworks */ = {isa = PBXBuildFile; productRef = 11F5E07E26BC5B2D008D9170 /* Alamofire */; };
		ED25D59626C2FC52007DF680 /* String+isMatch.swift in Sources */ = {isa = PBXBuildFile; fileRef = ED25D59526C2FC52007DF680 /* String+isMatch.swift */; };
		ED25D59826C2FD09007DF680 /* UIViewController+StoryboardInstantiable.swift in Sources */ = {isa = PBXBuildFile; fileRef = ED25D59726C2FD09007DF680 /* UIViewController+StoryboardInstantiable.swift */; };
		ED25D59C26C2FE39007DF680 /* Main.storyboard in Resources */ = {isa = PBXBuildFile; fileRef = ED25D59B26C2FE39007DF680 /* Main.storyboard */; };
		ED25D5A026C30071007DF680 /* ReusableCell.swift in Sources */ = {isa = PBXBuildFile; fileRef = ED25D59F26C30071007DF680 /* ReusableCell.swift */; };
		ED25D5A326C30195007DF680 /* BSImagePicker in Frameworks */ = {isa = PBXBuildFile; productRef = ED25D5A226C30195007DF680 /* BSImagePicker */; };
/* End PBXBuildFile section */

/* Begin PBXCopyFilesBuildPhase section */
		1183AB6626B821E100F3CC5D /* Embed Frameworks */ = {
			isa = PBXCopyFilesBuildPhase;
			buildActionMask = 2147483647;
			dstPath = "";
			dstSubfolderSpec = 10;
			files = (
			);
			name = "Embed Frameworks";
			runOnlyForDeploymentPostprocessing = 0;
		};
/* End PBXCopyFilesBuildPhase section */

/* Begin PBXFileReference section */
		11E54EC926B07FD20002A7A5 /* ShadShopManager.app */ = {isa = PBXFileReference; explicitFileType = wrapper.application; includeInIndex = 0; path = ShadShopManager.app; sourceTree = BUILT_PRODUCTS_DIR; };
		11E54ECC26B07FD20002A7A5 /* AppDelegate.swift */ = {isa = PBXFileReference; lastKnownFileType = sourcecode.swift; path = AppDelegate.swift; sourceTree = "<group>"; };
		11E54ECE26B07FD20002A7A5 /* SceneDelegate.swift */ = {isa = PBXFileReference; lastKnownFileType = sourcecode.swift; path = SceneDelegate.swift; sourceTree = "<group>"; };
		11E54ED326B07FD20002A7A5 /* Base */ = {isa = PBXFileReference; lastKnownFileType = file.storyboard; name = Base; path = Base.lproj/Auth.storyboard; sourceTree = "<group>"; };
		11E54ED526B07FD50002A7A5 /* Assets.xcassets */ = {isa = PBXFileReference; lastKnownFileType = folder.assetcatalog; path = Assets.xcassets; sourceTree = "<group>"; };
		11E54ED826B07FD50002A7A5 /* Base */ = {isa = PBXFileReference; lastKnownFileType = file.storyboard; name = Base; path = Base.lproj/LaunchScreen.storyboard; sourceTree = "<group>"; };
		11E54EDA26B07FD50002A7A5 /* Info.plist */ = {isa = PBXFileReference; lastKnownFileType = text.plist.xml; path = Info.plist; sourceTree = "<group>"; };
		11E54EE226B0836D0002A7A5 /* LoginViewController.swift */ = {isa = PBXFileReference; lastKnownFileType = sourcecode.swift; path = LoginViewController.swift; sourceTree = "<group>"; };
		11E54EEA26B447210002A7A5 /* RegisterViewController.swift */ = {isa = PBXFileReference; lastKnownFileType = sourcecode.swift; path = RegisterViewController.swift; sourceTree = "<group>"; };
		11E54EEE26B44B350002A7A5 /* BaseViewController.swift */ = {isa = PBXFileReference; lastKnownFileType = sourcecode.swift; path = BaseViewController.swift; sourceTree = "<group>"; };
		11E54EF226B567640002A7A5 /* ImageCollectionViewCell.swift */ = {isa = PBXFileReference; lastKnownFileType = sourcecode.swift; path = ImageCollectionViewCell.swift; sourceTree = "<group>"; };
		11E54EF326B567640002A7A5 /* ImageCollectionViewCell.xib */ = {isa = PBXFileReference; lastKnownFileType = file.xib; path = ImageCollectionViewCell.xib; sourceTree = "<group>"; };
		11E54EF626B5D5050002A7A5 /* ImagesViewController.swift */ = {isa = PBXFileReference; lastKnownFileType = sourcecode.swift; path = ImagesViewController.swift; sourceTree = "<group>"; };
		ED25D59526C2FC52007DF680 /* String+isMatch.swift */ = {isa = PBXFileReference; lastKnownFileType = sourcecode.swift; path = "String+isMatch.swift"; sourceTree = "<group>"; };
		ED25D59726C2FD09007DF680 /* UIViewController+StoryboardInstantiable.swift */ = {isa = PBXFileReference; lastKnownFileType = sourcecode.swift; path = "UIViewController+StoryboardInstantiable.swift"; sourceTree = "<group>"; };
		ED25D59B26C2FE39007DF680 /* Main.storyboard */ = {isa = PBXFileReference; lastKnownFileType = file.storyboard; path = Main.storyboard; sourceTree = "<group>"; };
		ED25D59F26C30071007DF680 /* ReusableCell.swift */ = {isa = PBXFileReference; lastKnownFileType = sourcecode.swift; path = ReusableCell.swift; sourceTree = "<group>"; };
/* End PBXFileReference section */

/* Begin PBXFrameworksBuildPhase section */
		11E54EC626B07FD20002A7A5 /* Frameworks */ = {
			isa = PBXFrameworksBuildPhase;
			buildActionMask = 2147483647;
			files = (
				11F5E07F26BC5B2D008D9170 /* Alamofire in Frameworks */,
				ED25D5A326C30195007DF680 /* BSImagePicker in Frameworks */,
			);
			runOnlyForDeploymentPostprocessing = 0;
		};
/* End PBXFrameworksBuildPhase section */

/* Begin PBXGroup section */
		11E54EC026B07FD20002A7A5 = {
			isa = PBXGroup;
			children = (
				11E54ECB26B07FD20002A7A5 /* ShadShopManager */,
				11E54ECA26B07FD20002A7A5 /* Products */,
			);
			sourceTree = "<group>";
		};
		11E54ECA26B07FD20002A7A5 /* Products */ = {
			isa = PBXGroup;
			children = (
				11E54EC926B07FD20002A7A5 /* ShadShopManager.app */,
			);
			name = Products;
			sourceTree = "<group>";
		};
		11E54ECB26B07FD20002A7A5 /* ShadShopManager */ = {
			isa = PBXGroup;
			children = (
				ED25D59E26C30062007DF680 /* Protocols */,
				ED25D59D26C2FEFE007DF680 /* Cells */,
				ED25D59426C2FC40007DF680 /* Extensions */,
				11E54EEC26B447350002A7A5 /* ViewControllers */,
				11E54ECC26B07FD20002A7A5 /* AppDelegate.swift */,
				11E54ECE26B07FD20002A7A5 /* SceneDelegate.swift */,
				11E54EDA26B07FD50002A7A5 /* Info.plist */,
				11E54EED26B447CA0002A7A5 /* Resources */,
			);
			path = ShadShopManager;
			sourceTree = "<group>";
		};
		11E54EEC26B447350002A7A5 /* ViewControllers */ = {
			isa = PBXGroup;
			children = (
				11E54EE226B0836D0002A7A5 /* LoginViewController.swift */,
				11E54EEA26B447210002A7A5 /* RegisterViewController.swift */,
				11E54EEE26B44B350002A7A5 /* BaseViewController.swift */,
				11E54EF626B5D5050002A7A5 /* ImagesViewController.swift */,
			);
			path = ViewControllers;
			sourceTree = "<group>";
		};
		11E54EED26B447CA0002A7A5 /* Resources */ = {
			isa = PBXGroup;
			children = (
				ED25D59A26C2FDB8007DF680 /* Storyboards */,
				ED25D59926C2FDA5007DF680 /* Cells */,
				11E54ED526B07FD50002A7A5 /* Assets.xcassets */,
				11E54ED726B07FD50002A7A5 /* LaunchScreen.storyboard */,
			);
			path = Resources;
			sourceTree = "<group>";
		};
		ED25D59426C2FC40007DF680 /* Extensions */ = {
			isa = PBXGroup;
			children = (
				ED25D59526C2FC52007DF680 /* String+isMatch.swift */,
				ED25D59726C2FD09007DF680 /* UIViewController+StoryboardInstantiable.swift */,
			);
			path = Extensions;
			sourceTree = "<group>";
		};
		ED25D59926C2FDA5007DF680 /* Cells */ = {
			isa = PBXGroup;
			children = (
				11E54EF326B567640002A7A5 /* ImageCollectionViewCell.xib */,
			);
			path = Cells;
			sourceTree = "<group>";
		};
		ED25D59A26C2FDB8007DF680 /* Storyboards */ = {
			isa = PBXGroup;
			children = (
				11E54ED226B07FD20002A7A5 /* Auth.storyboard */,
				ED25D59B26C2FE39007DF680 /* Main.storyboard */,
			);
			path = Storyboards;
			sourceTree = "<group>";
		};
		ED25D59D26C2FEFE007DF680 /* Cells */ = {
			isa = PBXGroup;
			children = (
				11E54EF226B567640002A7A5 /* ImageCollectionViewCell.swift */,
			);
			path = Cells;
			sourceTree = "<group>";
		};
		ED25D59E26C30062007DF680 /* Protocols */ = {
			isa = PBXGroup;
			children = (
				ED25D59F26C30071007DF680 /* ReusableCell.swift */,
			);
			path = Protocols;
			sourceTree = "<group>";
		};
/* End PBXGroup section */

/* Begin PBXNativeTarget section */
		11E54EC826B07FD20002A7A5 /* ShadShopManager */ = {
			isa = PBXNativeTarget;
			buildConfigurationList = 11E54EDD26B07FD50002A7A5 /* Build configuration list for PBXNativeTarget "ShadShopManager" */;
			buildPhases = (
				11E54EC526B07FD20002A7A5 /* Sources */,
				11E54EC626B07FD20002A7A5 /* Frameworks */,
				11E54EC726B07FD20002A7A5 /* Resources */,
				1183AB6626B821E100F3CC5D /* Embed Frameworks */,
			);
			buildRules = (
			);
			dependencies = (
			);
			name = ShadShopManager;
			packageProductDependencies = (
				11F5E07E26BC5B2D008D9170 /* Alamofire */,
				ED25D5A226C30195007DF680 /* BSImagePicker */,
			);
			productName = ShadShopManager;
			productReference = 11E54EC926B07FD20002A7A5 /* ShadShopManager.app */;
			productType = "com.apple.product-type.application";
		};
/* End PBXNativeTarget section */

/* Begin PBXProject section */
		11E54EC126B07FD20002A7A5 /* Project object */ = {
			isa = PBXProject;
			attributes = {
				LastSwiftUpdateCheck = 1250;
				LastUpgradeCheck = 1250;
				TargetAttributes = {
					11E54EC826B07FD20002A7A5 = {
						CreatedOnToolsVersion = 12.5;
					};
				};
			};
			buildConfigurationList = 11E54EC426B07FD20002A7A5 /* Build configuration list for PBXProject "ShadShopManager" */;
			compatibilityVersion = "Xcode 9.3";
			developmentRegion = en;
			hasScannedForEncodings = 0;
			knownRegions = (
				en,
				Base,
			);
			mainGroup = 11E54EC026B07FD20002A7A5;
			packageReferences = (
				11F5E07D26BC5B2D008D9170 /* XCRemoteSwiftPackageReference "Alamofire" */,
				ED25D5A126C30195007DF680 /* XCRemoteSwiftPackageReference "BSImagePicker" */,
			);
			productRefGroup = 11E54ECA26B07FD20002A7A5 /* Products */;
			projectDirPath = "";
			projectRoot = "";
			targets = (
				11E54EC826B07FD20002A7A5 /* ShadShopManager */,
			);
		};
/* End PBXProject section */

/* Begin PBXResourcesBuildPhase section */
		11E54EC726B07FD20002A7A5 /* Resources */ = {
			isa = PBXResourcesBuildPhase;
			buildActionMask = 2147483647;
			files = (
				11E54ED926B07FD50002A7A5 /* LaunchScreen.storyboard in Resources */,
				ED25D59C26C2FE39007DF680 /* Main.storyboard in Resources */,
				11E54ED626B07FD50002A7A5 /* Assets.xcassets in Resources */,
				11E54ED426B07FD20002A7A5 /* Auth.storyboard in Resources */,
				11E54EF526B567640002A7A5 /* ImageCollectionViewCell.xib in Resources */,
			);
			runOnlyForDeploymentPostprocessing = 0;
		};
/* End PBXResourcesBuildPhase section */

/* Begin PBXSourcesBuildPhase section */
		11E54EC526B07FD20002A7A5 /* Sources */ = {
			isa = PBXSourcesBuildPhase;
			buildActionMask = 2147483647;
			files = (
				ED25D5A026C30071007DF680 /* ReusableCell.swift in Sources */,
				11E54EF426B567640002A7A5 /* ImageCollectionViewCell.swift in Sources */,
				11E54EF726B5D5050002A7A5 /* ImagesViewController.swift in Sources */,
				ED25D59626C2FC52007DF680 /* String+isMatch.swift in Sources */,
				11E54EEF26B44B350002A7A5 /* BaseViewController.swift in Sources */,
				11E54EE326B0836D0002A7A5 /* LoginViewController.swift in Sources */,
				11E54EEB26B447210002A7A5 /* RegisterViewController.swift in Sources */,
				11E54ECD26B07FD20002A7A5 /* AppDelegate.swift in Sources */,
				11E54ECF26B07FD20002A7A5 /* SceneDelegate.swift in Sources */,
				ED25D59826C2FD09007DF680 /* UIViewController+StoryboardInstantiable.swift in Sources */,
			);
			runOnlyForDeploymentPostprocessing = 0;
		};
/* End PBXSourcesBuildPhase section */

/* Begin PBXVariantGroup section */
		11E54ED226B07FD20002A7A5 /* Auth.storyboard */ = {
			isa = PBXVariantGroup;
			children = (
				11E54ED326B07FD20002A7A5 /* Base */,
			);
			name = Auth.storyboard;
			sourceTree = "<group>";
		};
		11E54ED726B07FD50002A7A5 /* LaunchScreen.storyboard */ = {
			isa = PBXVariantGroup;
			children = (
				11E54ED826B07FD50002A7A5 /* Base */,
			);
			name = LaunchScreen.storyboard;
			sourceTree = "<group>";
		};
/* End PBXVariantGroup section */

/* Begin XCBuildConfiguration section */
		11E54EDB26B07FD50002A7A5 /* Debug */ = {
			isa = XCBuildConfiguration;
			buildSettings = {
				ALWAYS_SEARCH_USER_PATHS = NO;
				CLANG_ANALYZER_NONNULL = YES;
				CLANG_ANALYZER_NUMBER_OBJECT_CONVERSION = YES_AGGRESSIVE;
				CLANG_CXX_LANGUAGE_STANDARD = "gnu++14";
				CLANG_CXX_LIBRARY = "libc++";
				CLANG_ENABLE_MODULES = YES;
				CLANG_ENABLE_OBJC_ARC = YES;
				CLANG_ENABLE_OBJC_WEAK = YES;
				CLANG_WARN_BLOCK_CAPTURE_AUTORELEASING = YES;
				CLANG_WARN_BOOL_CONVERSION = YES;
				CLANG_WARN_COMMA = YES;
				CLANG_WARN_CONSTANT_CONVERSION = YES;
				CLANG_WARN_DEPRECATED_OBJC_IMPLEMENTATIONS = YES;
				CLANG_WARN_DIRECT_OBJC_ISA_USAGE = YES_ERROR;
				CLANG_WARN_DOCUMENTATION_COMMENTS = YES;
				CLANG_WARN_EMPTY_BODY = YES;
				CLANG_WARN_ENUM_CONVERSION = YES;
				CLANG_WARN_INFINITE_RECURSION = YES;
				CLANG_WARN_INT_CONVERSION = YES;
				CLANG_WARN_NON_LITERAL_NULL_CONVERSION = YES;
				CLANG_WARN_OBJC_IMPLICIT_RETAIN_SELF = YES;
				CLANG_WARN_OBJC_LITERAL_CONVERSION = YES;
				CLANG_WARN_OBJC_ROOT_CLASS = YES_ERROR;
				CLANG_WARN_QUOTED_INCLUDE_IN_FRAMEWORK_HEADER = YES;
				CLANG_WARN_RANGE_LOOP_ANALYSIS = YES;
				CLANG_WARN_STRICT_PROTOTYPES = YES;
				CLANG_WARN_SUSPICIOUS_MOVE = YES;
				CLANG_WARN_UNGUARDED_AVAILABILITY = YES_AGGRESSIVE;
				CLANG_WARN_UNREACHABLE_CODE = YES;
				CLANG_WARN__DUPLICATE_METHOD_MATCH = YES;
				COPY_PHASE_STRIP = NO;
				DEBUG_INFORMATION_FORMAT = dwarf;
				ENABLE_STRICT_OBJC_MSGSEND = YES;
				ENABLE_TESTABILITY = YES;
				GCC_C_LANGUAGE_STANDARD = gnu11;
				GCC_DYNAMIC_NO_PIC = NO;
				GCC_NO_COMMON_BLOCKS = YES;
				GCC_OPTIMIZATION_LEVEL = 0;
				GCC_PREPROCESSOR_DEFINITIONS = (
					"DEBUG=1",
					"$(inherited)",
				);
				GCC_WARN_64_TO_32_BIT_CONVERSION = YES;
				GCC_WARN_ABOUT_RETURN_TYPE = YES_ERROR;
				GCC_WARN_UNDECLARED_SELECTOR = YES;
				GCC_WARN_UNINITIALIZED_AUTOS = YES_AGGRESSIVE;
				GCC_WARN_UNUSED_FUNCTION = YES;
				GCC_WARN_UNUSED_VARIABLE = YES;
				IPHONEOS_DEPLOYMENT_TARGET = 14.5;
				MTL_ENABLE_DEBUG_INFO = INCLUDE_SOURCE;
				MTL_FAST_MATH = YES;
				ONLY_ACTIVE_ARCH = YES;
				SDKROOT = iphoneos;
				SWIFT_ACTIVE_COMPILATION_CONDITIONS = DEBUG;
				SWIFT_OPTIMIZATION_LEVEL = "-Onone";
			};
			name = Debug;
		};
		11E54EDC26B07FD50002A7A5 /* Release */ = {
			isa = XCBuildConfiguration;
			buildSettings = {
				ALWAYS_SEARCH_USER_PATHS = NO;
				CLANG_ANALYZER_NONNULL = YES;
				CLANG_ANALYZER_NUMBER_OBJECT_CONVERSION = YES_AGGRESSIVE;
				CLANG_CXX_LANGUAGE_STANDARD = "gnu++14";
				CLANG_CXX_LIBRARY = "libc++";
				CLANG_ENABLE_MODULES = YES;
				CLANG_ENABLE_OBJC_ARC = YES;
				CLANG_ENABLE_OBJC_WEAK = YES;
				CLANG_WARN_BLOCK_CAPTURE_AUTORELEASING = YES;
				CLANG_WARN_BOOL_CONVERSION = YES;
				CLANG_WARN_COMMA = YES;
				CLANG_WARN_CONSTANT_CONVERSION = YES;
				CLANG_WARN_DEPRECATED_OBJC_IMPLEMENTATIONS = YES;
				CLANG_WARN_DIRECT_OBJC_ISA_USAGE = YES_ERROR;
				CLANG_WARN_DOCUMENTATION_COMMENTS = YES;
				CLANG_WARN_EMPTY_BODY = YES;
				CLANG_WARN_ENUM_CONVERSION = YES;
				CLANG_WARN_INFINITE_RECURSION = YES;
				CLANG_WARN_INT_CONVERSION = YES;
				CLANG_WARN_NON_LITERAL_NULL_CONVERSION = YES;
				CLANG_WARN_OBJC_IMPLICIT_RETAIN_SELF = YES;
				CLANG_WARN_OBJC_LITERAL_CONVERSION = YES;
				CLANG_WARN_OBJC_ROOT_CLASS = YES_ERROR;
				CLANG_WARN_QUOTED_INCLUDE_IN_FRAMEWORK_HEADER = YES;
				CLANG_WARN_RANGE_LOOP_ANALYSIS = YES;
				CLANG_WARN_STRICT_PROTOTYPES = YES;
				CLANG_WARN_SUSPICIOUS_MOVE = YES;
				CLANG_WARN_UNGUARDED_AVAILABILITY = YES_AGGRESSIVE;
				CLANG_WARN_UNREACHABLE_CODE = YES;
				CLANG_WARN__DUPLICATE_METHOD_MATCH = YES;
				COPY_PHASE_STRIP = NO;
				DEBUG_INFORMATION_FORMAT = "dwarf-with-dsym";
				ENABLE_NS_ASSERTIONS = NO;
				ENABLE_STRICT_OBJC_MSGSEND = YES;
				GCC_C_LANGUAGE_STANDARD = gnu11;
				GCC_NO_COMMON_BLOCKS = YES;
				GCC_WARN_64_TO_32_BIT_CONVERSION = YES;
				GCC_WARN_ABOUT_RETURN_TYPE = YES_ERROR;
				GCC_WARN_UNDECLARED_SELECTOR = YES;
				GCC_WARN_UNINITIALIZED_AUTOS = YES_AGGRESSIVE;
				GCC_WARN_UNUSED_FUNCTION = YES;
				GCC_WARN_UNUSED_VARIABLE = YES;
				IPHONEOS_DEPLOYMENT_TARGET = 14.5;
				MTL_ENABLE_DEBUG_INFO = NO;
				MTL_FAST_MATH = YES;
				SDKROOT = iphoneos;
				SWIFT_COMPILATION_MODE = wholemodule;
				SWIFT_OPTIMIZATION_LEVEL = "-O";
				VALIDATE_PRODUCT = YES;
			};
			name = Release;
		};
		11E54EDE26B07FD50002A7A5 /* Debug */ = {
			isa = XCBuildConfiguration;
			buildSettings = {
				ASSETCATALOG_COMPILER_APPICON_NAME = AppIcon;
				ASSETCATALOG_COMPILER_GLOBAL_ACCENT_COLOR_NAME = AccentColor;
				CODE_SIGN_STYLE = Automatic;
				DEVELOPMENT_TEAM = "";
				INFOPLIST_FILE = ShadShopManager/Info.plist;
				IPHONEOS_DEPLOYMENT_TARGET = 13.0;
				LD_RUNPATH_SEARCH_PATHS = (
					"$(inherited)",
					"@executable_path/Frameworks",
				);
				PRODUCT_BUNDLE_IDENTIFIER = test.ShadShopManager;
				PRODUCT_NAME = "$(TARGET_NAME)";
				SWIFT_VERSION = 5.0;
				TARGETED_DEVICE_FAMILY = "1,2";
			};
			name = Debug;
		};
		11E54EDF26B07FD50002A7A5 /* Release */ = {
			isa = XCBuildConfiguration;
			buildSettings = {
				ASSETCATALOG_COMPILER_APPICON_NAME = AppIcon;
				ASSETCATALOG_COMPILER_GLOBAL_ACCENT_COLOR_NAME = AccentColor;
				CODE_SIGN_STYLE = Automatic;
				DEVELOPMENT_TEAM = "";
				INFOPLIST_FILE = ShadShopManager/Info.plist;
				IPHONEOS_DEPLOYMENT_TARGET = 13.0;
				LD_RUNPATH_SEARCH_PATHS = (
					"$(inherited)",
					"@executable_path/Frameworks",
				);
				PRODUCT_BUNDLE_IDENTIFIER = test.ShadShopManager;
				PRODUCT_NAME = "$(TARGET_NAME)";
				SWIFT_VERSION = 5.0;
				TARGETED_DEVICE_FAMILY = "1,2";
			};
			name = Release;
		};
/* End XCBuildConfiguration section */

/* Begin XCConfigurationList section */
		11E54EC426B07FD20002A7A5 /* Build configuration list for PBXProject "ShadShopManager" */ = {
			isa = XCConfigurationList;
			buildConfigurations = (
				11E54EDB26B07FD50002A7A5 /* Debug */,
				11E54EDC26B07FD50002A7A5 /* Release */,
			);
			defaultConfigurationIsVisible = 0;
			defaultConfigurationName = Release;
		};
		11E54EDD26B07FD50002A7A5 /* Build configuration list for PBXNativeTarget "ShadShopManager" */ = {
			isa = XCConfigurationList;
			buildConfigurations = (
				11E54EDE26B07FD50002A7A5 /* Debug */,
				11E54EDF26B07FD50002A7A5 /* Release */,
			);
			defaultConfigurationIsVisible = 0;
			defaultConfigurationName = Release;
		};
/* End XCConfigurationList section */

/* Begin XCRemoteSwiftPackageReference section */
		11F5E07D26BC5B2D008D9170 /* XCRemoteSwiftPackageReference "Alamofire" */ = {
			isa = XCRemoteSwiftPackageReference;
			repositoryURL = "https://github.com/Alamofire/Alamofire";
			requirement = {
				kind = upToNextMajorVersion;
				minimumVersion = 5.4.3;
			};
		};
		ED25D5A126C30195007DF680 /* XCRemoteSwiftPackageReference "BSImagePicker" */ = {
			isa = XCRemoteSwiftPackageReference;
			repositoryURL = "https://github.com/mikaoj/BSImagePicker.git";
			requirement = {
				kind = upToNextMajorVersion;
				minimumVersion = 3.3.1;
			};
		};
/* End XCRemoteSwiftPackageReference section */

/* Begin XCSwiftPackageProductDependency section */
		11F5E07E26BC5B2D008D9170 /* Alamofire */ = {
			isa = XCSwiftPackageProductDependency;
			package = 11F5E07D26BC5B2D008D9170 /* XCRemoteSwiftPackageReference "Alamofire" */;
			productName = Alamofire;
		};
		ED25D5A226C30195007DF680 /* BSImagePicker */ = {
			isa = XCSwiftPackageProductDependency;
			package = ED25D5A126C30195007DF680 /* XCRemoteSwiftPackageReference "BSImagePicker" */;
			productName = BSImagePicker;
		};
/* End XCSwiftPackageProductDependency section */
	};
	rootObject = 11E54EC126B07FD20002A7A5 /* Project object */;
}
